{
  "name": "project",
  "version": "1.0.0",
  "lockfileVersion": 3,
  "requires": true,
  "packages": {
    "": {
      "name": "project",
      "version": "1.0.0",
      "license": "ISC",
      "dependencies": {
        "@wshcmx/cli": "file:../..",
        "@wshcmx/types": "^11.0.0-beta1"
      }
    },
    "../..": {
      "name": "@wshcmx/cli",
      "version": "2.0.0-alpha.1",
      "license": "MIT",
      "dependencies": {
        "typescript": "^5.7.3"
      },
      "bin": {
        "wshcmx": "dist/index.js"
      },
      "devDependencies": {
        "@types/node": "^22.0.0"
      },
      "engines": {
        "node": ">=22"
      }
    },
    "node_modules/@wshcmx/cli": {
      "resolved": "../..",
      "link": true
    },
    "node_modules/@wshcmx/types": {
      "version": "11.0.0-beta1",
      "resolved": "https://registry.npmjs.org/@wshcmx/types/-/types-11.0.0-beta1.tgz",
      "integrity": "sha512-cb5+I8+5L8qEV8TzUnvpU0C/qAezv30xhtQULx64A3h2FLf75jVF1iH8aS6RpUf519rsClAPmSE7JagiwyniTw==",
      "license": "ISC"
    }
  }
}
